dependencies:
- name: grafana
  repository: https://grafana.github.io/helm-charts
  version: 7.3.8
- name: victoria-logs-single
  repository: https://victoriametrics.github.io/helm-charts
  version: 0.3.6
- name: victoria-metrics-agent
  repository: https://victoriametrics.github.io/helm-charts
  version: 0.10.4
- name: victoria-metrics-cluster
  repository: https://victoriametrics.github.io/helm-charts
  version: 0.11.14
- name: prometheus-node-exporter
  repository: https://prometheus-community.github.io/helm-charts
  version: 4.32.0
- name: kube-state-metrics
  repository: https://prometheus-community.github.io/helm-charts
  version: 5.18.1
digest: sha256:fe147a421727206b9b317a2fc10599d212e74d0f22a61f0429fea4c777ae94be
generated: "2024-04-14T12:36:02.213346+08:00"
